// !$*UTF8*$!
{
	archiveVersion = 1;
	classes = {
	};
	objectVersion = 56;
	objects = {

/* Begin PBXBuildFile section */
		A1234567890123456789001 /* AINoteTakingAppApp.swift in Sources */ = {isa = PBXBuildFile; fileRef = A1234567890123456789002 /* AINoteTakingAppApp.swift */; };
		A1234567890123456789005 /* Assets.xcassets in Resources */ = {isa = PBXBuildFile; fileRef = A1234567890123456789006 /* Assets.xcassets */; };
		A1234567890123456789007 /* Preview Assets.xcassets in Resources */ = {isa = PBXBuildFile; fileRef = A1234567890123456789008 /* Preview Assets.xcassets */; };
		A1234567890123456789009 /* DataModel.xcdatamodeld in Sources */ = {isa = PBXBuildFile; fileRef = A1234567890123456789010 /* DataModel.xcdatamodeld */; };
		C60356EE2E588C95002B1380 /* APIModels.swift in Sources */ = {isa = PBXBuildFile; fileRef = C60356ED2E588C95002B1380 /* APIModels.swift */; };
		C60356F02E588CBA002B1380 /* NetworkService.swift in Sources */ = {isa = PBXBuildFile; fileRef = C60356EF2E588CBA002B1380 /* NetworkService.swift */; };
		C60356F42E58922E002B1380 /* BackendAuthView.swift in Sources */ = {isa = PBXBuildFile; fileRef = C60356F32E58922E002B1380 /* BackendAuthView.swift */; };
		C60356FC2E58A06A002B1380 /* NetworkClient.swift in Sources */ = {isa = PBXBuildFile; fileRef = C60356F82E58A06A002B1380 /* NetworkClient.swift */; };
		C60356FD2E58A06A002B1380 /* NetworkError.swift in Sources */ = {isa = PBXBuildFile; fileRef = C60356F92E58A06A002B1380 /* NetworkError.swift */; };
		C60356FE2E58A06A002B1380 /* CategoriesService.swift in Sources */ = {isa = PBXBuildFile; fileRef = C60356F62E58A06A002B1380 /* CategoriesService.swift */; };
		C60356FF2E58A06A002B1380 /* FoldersService.swift in Sources */ = {isa = PBXBuildFile; fileRef = C60356F72E58A06A002B1380 /* FoldersService.swift */; };
		C60357002E58A06A002B1380 /* AuthService.swift in Sources */ = {isa = PBXBuildFile; fileRef = C60356F52E58A06A002B1380 /* AuthService.swift */; };
		C60357012E58A06A002B1380 /* NotesService.swift in Sources */ = {isa = PBXBuildFile; fileRef = C60356FA2E58A06A002B1380 /* NotesService.swift */; };
		C60357052E58B5CB002B1380 /* AttachmentsService.swift in Sources */ = {isa = PBXBuildFile; fileRef = C60357042E58B5CB002B1380 /* AttachmentsService.swift */; };
		C60357082E58BD81002B1380 /* FilePathResolver.swift in Sources */ = {isa = PBXBuildFile; fileRef = C60357062E58BD81002B1380 /* FilePathResolver.swift */; };
		C61161D62E6045E100191EFE /* AIProcessingView.swift in Sources */ = {isa = PBXBuildFile; fileRef = C61161D52E6045E100191EFE /* AIProcessingView.swift */; };
		C61E5FA32E398D4300506179 /* AIAssistantService.swift in Sources */ = {isa = PBXBuildFile; fileRef = C61E5FA12E398D4300506179 /* AIAssistantService.swift */; };
		C61E5FA92E398D7B00506179 /* AIAssistantView.swift in Sources */ = {isa = PBXBuildFile; fileRef = C61E5FA42E398D7B00506179 /* AIAssistantView.swift */; };
		C61E5FAA2E398D7B00506179 /* TypingIndicatorView.swift in Sources */ = {isa = PBXBuildFile; fileRef = C61E5FA72E398D7B00506179 /* TypingIndicatorView.swift */; };
		C61E5FAB2E398D7B00506179 /* ChatInputView.swift in Sources */ = {isa = PBXBuildFile; fileRef = C61E5FA52E398D7B00506179 /* ChatInputView.swift */; };
		C61E5FAC2E398D7B00506179 /* ChatMessageView.swift in Sources */ = {isa = PBXBuildFile; fileRef = C61E5FA62E398D7B00506179 /* ChatMessageView.swift */; };
		C61E5FAE2E398DC600506179 /* ChatMessage.swift in Sources */ = {isa = PBXBuildFile; fileRef = C61E5FAD2E398DC600506179 /* ChatMessage.swift */; };
		C61E5FB12E398DEB00506179 /* OCRService.swift in Sources */ = {isa = PBXBuildFile; fileRef = C61E5FAF2E398DEB00506179 /* OCRService.swift */; };
		C61E5FB22E398DEB00506179 /* SpeechRecognitionManager.swift in Sources */ = {isa = PBXBuildFile; fileRef = C61E5FB02E398DEB00506179 /* SpeechRecognitionManager.swift */; };
		C61E5FBA2E3A139B00506179 /* AttachmentComponents.swift in Sources */ = {isa = PBXBuildFile; fileRef = C61E5FB72E3A139B00506179 /* AttachmentComponents.swift */; };
		C61E5FBB2E3A139B00506179 /* SharedImagePicker.swift in Sources */ = {isa = PBXBuildFile; fileRef = C61E5FB82E3A139B00506179 /* SharedImagePicker.swift */; };
		C61E5FBC2E3A140000506179 /* SemanticSearchService.swift in Sources */ = {isa = PBXBuildFile; fileRef = C61E5FB92E3A140000506179 /* SemanticSearchService.swift */; };
		C61E5FBD2E3A140100506179 /* SearchViewModel.swift in Sources */ = {isa = PBXBuildFile; fileRef = C61E5FBE2E3A140100506179 /* SearchViewModel.swift */; };
		C61E5FBF2E3A140200506179 /* SearchComponents.swift in Sources */ = {isa = PBXBuildFile; fileRef = C61E5FC02E3A140200506179 /* SearchComponents.swift */; };
		C61E5FC12E3A140300506179 /* ImageSearchManager.swift in Sources */ = {isa = PBXBuildFile; fileRef = C61E5FC22E3A140300506179 /* ImageSearchManager.swift */; };
		C61E5FC22E3AADAC00506179 /* AttachmentService.swift in Sources */ = {isa = PBXBuildFile; fileRef = C61E5FBF2E3AADAC00506179 /* AttachmentService.swift */; };
		C61E5FC32E3A140400506179 /* ImageMetadataIndex.swift in Sources */ = {isa = PBXBuildFile; fileRef = C61E5FC42E3A140400506179 /* ImageMetadataIndex.swift */; };
		C61E5FC32E3AADAC00506179 /* CameraProcessingService.swift in Sources */ = {isa = PBXBuildFile; fileRef = C61E5FC02E3AADAC00506179 /* CameraProcessingService.swift */; };
		C61E5FC42E3AADAC00506179 /* LocationService.swift in Sources */ = {isa = PBXBuildFile; fileRef = C61E5FC12E3AADAC00506179 /* LocationService.swift */; };
		C61E5FCB2E3AADC300506179 /* NotesListAlerts.swift in Sources */ = {isa = PBXBuildFile; fileRef = C61E5FC72E3AADC300506179 /* NotesListAlerts.swift */; };
		C61E5FCC2E3AADC300506179 /* TopControlsBar.swift in Sources */ = {isa = PBXBuildFile; fileRef = C61E5FCA2E3AADC300506179 /* TopControlsBar.swift */; };
		C61E5FCD2E3AADC300506179 /* CameraImagePicker.swift in Sources */ = {isa = PBXBuildFile; fileRef = C61E5FC52E3AADC300506179 /* CameraImagePicker.swift */; };
		C61E5FCE2E3AADC300506179 /* CameraView.swift in Sources */ = {isa = PBXBuildFile; fileRef = C61E5FC62E3AADC300506179 /* CameraView.swift */; };
		C61E5FCF2E3AADC300506179 /* NotesListBreadcrumb.swift in Sources */ = {isa = PBXBuildFile; fileRef = C61E5FC82E3AADC300506179 /* NotesListBreadcrumb.swift */; };
		C61E5FD02E3AADC300506179 /* NotesListToolbar.swift in Sources */ = {isa = PBXBuildFile; fileRef = C61E5FC92E3AADC300506179 /* NotesListToolbar.swift */; };
		C61E5FD22E3AB55A00506179 /* CameraProcessingViewModel.swift in Sources */ = {isa = PBXBuildFile; fileRef = C61E5FD12E3AB55A00506179 /* CameraProcessingViewModel.swift */; };
		C657B01A2E38431400A40BDC /* FolderView.swift in Sources */ = {isa = PBXBuildFile; fileRef = C657B0192E38431400A40BDC /* FolderView.swift */; };
		C657B01D2E39844200A40BDC /* FolderManager.swift in Sources */ = {isa = PBXBuildFile; fileRef = C657B01C2E39844200A40BDC /* FolderManager.swift */; };
		C657B01E2E39844200A40BDC /* DataManager.swift in Sources */ = {isa = PBXBuildFile; fileRef = C657B01B2E39844200A40BDC /* DataManager.swift */; };
		C681F37A2E37A803000A7FB3 /* VoiceRecorderView.swift in Sources */ = {isa = PBXBuildFile; fileRef = C681F3772E37A803000A7FB3 /* VoiceRecorderView.swift */; };
		C681F37B2E37A803000A7FB3 /* Constants.swift in Sources */ = {isa = PBXBuildFile; fileRef = C681F36B2E37A803000A7FB3 /* Constants.swift */; };
		C681F37D2E37A803000A7FB3 /* AudioManager.swift in Sources */ = {isa = PBXBuildFile; fileRef = C681F3652E37A803000A7FB3 /* AudioManager.swift */; };
		C681F37E2E37A803000A7FB3 /* NotesListViewModel.swift in Sources */ = {isa = PBXBuildFile; fileRef = C681F3702E37A803000A7FB3 /* NotesListViewModel.swift */; };
		C681F37F2E37A803000A7FB3 /* PermissionsOnboardingView.swift in Sources */ = {isa = PBXBuildFile; fileRef = C681F3762E37A803000A7FB3 /* PermissionsOnboardingView.swift */; };
		C681F3812E37A803000A7FB3 /* ContentView.swift in Sources */ = {isa = PBXBuildFile; fileRef = C681F3732E37A803000A7FB3 /* ContentView.swift */; };
		C681F3822E37A803000A7FB3 /* Note.swift in Sources */ = {isa = PBXBuildFile; fileRef = C681F3692E37A803000A7FB3 /* Note.swift */; };
		C681F3832E37A803000A7FB3 /* NoteEditorViewModel.swift in Sources */ = {isa = PBXBuildFile; fileRef = C681F36F2E37A803000A7FB3 /* NoteEditorViewModel.swift */; };
		C681F3842E37A803000A7FB3 /* FileImportManager.swift in Sources */ = {isa = PBXBuildFile; fileRef = C681F3662E37A803000A7FB3 /* FileImportManager.swift */; };
		C681F3852E37A803000A7FB3 /* NoteEditorView.swift in Sources */ = {isa = PBXBuildFile; fileRef = C681F3742E37A803000A7FB3 /* NoteEditorView.swift */; };
		C681F3862E37A803000A7FB3 /* AIProcessor.swift in Sources */ = {isa = PBXBuildFile; fileRef = C681F3642E37A803000A7FB3 /* AIProcessor.swift */; };
		C681F3872E37A803000A7FB3 /* PermissionManager.swift in Sources */ = {isa = PBXBuildFile; fileRef = C681F36C2E37A803000A7FB3 /* PermissionManager.swift */; };
		C681F3882E37A803000A7FB3 /* SecurityManager.swift in Sources */ = {isa = PBXBuildFile; fileRef = C681F3672E37A803000A7FB3 /* SecurityManager.swift */; };
		C681F3892E37A803000A7FB3 /* SystemIntegrations.swift in Sources */ = {isa = PBXBuildFile; fileRef = C681F36D2E37A803000A7FB3 /* SystemIntegrations.swift */; };
		C681F38A2E37A803000A7FB3 /* NotesListView.swift in Sources */ = {isa = PBXBuildFile; fileRef = C681F3752E37A803000A7FB3 /* NotesListView.swift */; };
		C6A034CB2E5A64A6005E2806 /* AppConfiguration.swift in Sources */ = {isa = PBXBuildFile; fileRef = C6A034CA2E5A64A6005E2806 /* AppConfiguration.swift */; };
		C6A034D32E5B2B9D005E2806 /* BusinessCardProcessor.swift in Sources */ = {isa = PBXBuildFile; fileRef = C6A034CD2E5B2B9D005E2806 /* BusinessCardProcessor.swift */; };
		C6A034D42E5B2B9D005E2806 /* StructuredTextModels.swift in Sources */ = {isa = PBXBuildFile; fileRef = C6A034D12E5B2B9D005E2806 /* StructuredTextModels.swift */; };
		C6A034D52E5B2B9D005E2806 /* StructuredTextExtractor.swift in Sources */ = {isa = PBXBuildFile; fileRef = C6A034D02E5B2B9D005E2806 /* StructuredTextExtractor.swift */; };
		C6A034D62E5B2B9D005E2806 /* DocumentLayoutAnalyzer.swift in Sources */ = {isa = PBXBuildFile; fileRef = C6A034CF2E5B2B9D005E2806 /* DocumentLayoutAnalyzer.swift */; };
		C6A034D82E5B2B9D005E2806 /* ContactInfoExtractor.swift in Sources */ = {isa = PBXBuildFile; fileRef = C6A034CE2E5B2B9D005E2806 /* ContactInfoExtractor.swift */; };
		C6A034DE2E5B3D28005E2806 /* TableDetector.swift in Sources */ = {isa = PBXBuildFile; fileRef = C6A034DC2E5B3D28005E2806 /* TableDetector.swift */; };
		C6A034E02E5B3D28005E2806 /* ImagePreprocessor.swift in Sources */ = {isa = PBXBuildFile; fileRef = C6A034DA2E5B3D28005E2806 /* ImagePreprocessor.swift */; };
		C6A035132E5F7CA7005E2806 /* DocumentClassifier.swift in Sources */ = {isa = PBXBuildFile; fileRef = C6A035112E5F7CA7005E2806 /* DocumentClassifier.swift */; };
		C6FB017F2E3CCB1200763881 /* ImageGalleryViewModel.swift in Sources */ = {isa = PBXBuildFile; fileRef = C6FB017D2E3CCB1200763881 /* ImageGalleryViewModel.swift */; };
		C6FB01832E3CCB4300763881 /* ImageGalleryView.swift in Sources */ = {isa = PBXBuildFile; fileRef = C6FB01812E3CCB4300763881 /* ImageGalleryView.swift */; };
		C6FB01842E3CCB4300763881 /* ImageDetailView.swift in Sources */ = {isa = PBXBuildFile; fileRef = C6FB01802E3CCB4300763881 /* ImageDetailView.swift */; };
		C6FB01862E3CCCC500763881 /* ImageGalleryModels.swift in Sources */ = {isa = PBXBuildFile; fileRef = C6FB01852E3CCCC500763881 /* ImageGalleryModels.swift */; };
		C6FB01892E3CCCDA00763881 /* ImageMetadataSearchService.swift in Sources */ = {isa = PBXBuildFile; fileRef = C6FB01872E3CCCDA00763881 /* ImageMetadataSearchService.swift */; };
		DD7D66BBD1404FDAA6ED4B30 /* SearchView.swift in Sources */ = {isa = PBXBuildFile; fileRef = 1A3F77C13E4D4B8BB3C45B91 /* SearchView.swift */; };
		EA3892081C1847A68BDCAFDF /* SettingsView.swift in Sources */ = {isa = PBXBuildFile; fileRef = 091A27012A9941A38EB6AA24 /* SettingsView.swift */; };
/* End PBXBuildFile section */

/* Begin PBXFileReference section */
		091A27012A9941A38EB6AA24 /* SettingsView.swift */ = {isa = PBXFileReference; lastKnownFileType = sourcecode.swift; path = SettingsView.swift; sourceTree = "<group>"; };
		1A3F77C13E4D4B8BB3C45B91 /* SearchView.swift */ = {isa = PBXFileReference; lastKnownFileType = sourcecode.swift; path = SearchView.swift; sourceTree = "<group>"; };
		A1234567890123456789002 /* AINoteTakingAppApp.swift */ = {isa = PBXFileReference; lastKnownFileType = sourcecode.swift; path = AINoteTakingAppApp.swift; sourceTree = "<group>"; };
		A1234567890123456789006 /* Assets.xcassets */ = {isa = PBXFileReference; lastKnownFileType = folder.assetcatalog; path = Assets.xcassets; sourceTree = "<group>"; };
		A1234567890123456789008 /* Preview Assets.xcassets */ = {isa = PBXFileReference; lastKnownFileType = folder.assetcatalog; path = "Preview Assets.xcassets"; sourceTree = "<group>"; };
		A1234567890123456789011 /* DataModel.xcdatamodel */ = {isa = PBXFileReference; lastKnownFileType = wrapper.xcdatamodel; path = DataModel.xcdatamodel; sourceTree = "<group>"; };
		A1234567890123456789012 /* AINoteTakingApp.app */ = {isa = PBXFileReference; explicitFileType = wrapper.application; includeInIndex = 0; path = AINoteTakingApp.app; sourceTree = BUILT_PRODUCTS_DIR; };
		A1234567890123456789013 /* Info.plist */ = {isa = PBXFileReference; lastKnownFileType = text.plist.xml; path = Info.plist; sourceTree = "<group>"; };
		C60356ED2E588C95002B1380 /* APIModels.swift */ = {isa = PBXFileReference; lastKnownFileType = sourcecode.swift; path = APIModels.swift; sourceTree = "<group>"; };
		C60356EF2E588CBA002B1380 /* NetworkService.swift */ = {isa = PBXFileReference; lastKnownFileType = sourcecode.swift; path = NetworkService.swift; sourceTree = "<group>"; };
		C60356F32E58922E002B1380 /* BackendAuthView.swift */ = {isa = PBXFileReference; lastKnownFileType = sourcecode.swift; path = BackendAuthView.swift; sourceTree = "<group>"; };
		C60356F52E58A06A002B1380 /* AuthService.swift */ = {isa = PBXFileReference; lastKnownFileType = sourcecode.swift; path = AuthService.swift; sourceTree = "<group>"; };
		C60356F62E58A06A002B1380 /* CategoriesService.swift */ = {isa = PBXFileReference; lastKnownFileType = sourcecode.swift; path = CategoriesService.swift; sourceTree = "<group>"; };
		C60356F72E58A06A002B1380 /* FoldersService.swift */ = {isa = PBXFileReference; lastKnownFileType = sourcecode.swift; path = FoldersService.swift; sourceTree = "<group>"; };
		C60356F82E58A06A002B1380 /* NetworkClient.swift */ = {isa = PBXFileReference; lastKnownFileType = sourcecode.swift; path = NetworkClient.swift; sourceTree = "<group>"; };
		C60356F92E58A06A002B1380 /* NetworkError.swift */ = {isa = PBXFileReference; lastKnownFileType = sourcecode.swift; path = NetworkError.swift; sourceTree = "<group>"; };
		C60356FA2E58A06A002B1380 /* NotesService.swift */ = {isa = PBXFileReference; lastKnownFileType = sourcecode.swift; path = NotesService.swift; sourceTree = "<group>"; };
		C60357042E58B5CB002B1380 /* AttachmentsService.swift */ = {isa = PBXFileReference; lastKnownFileType = sourcecode.swift; path = AttachmentsService.swift; sourceTree = "<group>"; };
		C60357062E58BD81002B1380 /* FilePathResolver.swift */ = {isa = PBXFileReference; lastKnownFileType = sourcecode.swift; path = FilePathResolver.swift; sourceTree = "<group>"; };
		C61161D52E6045E100191EFE /* AIProcessingView.swift */ = {isa = PBXFileReference; lastKnownFileType = sourcecode.swift; path = AIProcessingView.swift; sourceTree = "<group>"; };
		C61E5FA12E398D4300506179 /* AIAssistantService.swift */ = {isa = PBXFileReference; lastKnownFileType = sourcecode.swift; path = AIAssistantService.swift; sourceTree = "<group>"; };
		C61E5FA42E398D7B00506179 /* AIAssistantView.swift */ = {isa = PBXFileReference; lastKnownFileType = sourcecode.swift; path = AIAssistantView.swift; sourceTree = "<group>"; };
		C61E5FA52E398D7B00506179 /* ChatInputView.swift */ = {isa = PBXFileReference; lastKnownFileType = sourcecode.swift; path = ChatInputView.swift; sourceTree = "<group>"; };
		C61E5FA62E398D7B00506179 /* ChatMessageView.swift */ = {isa = PBXFileReference; lastKnownFileType = sourcecode.swift; path = ChatMessageView.swift; sourceTree = "<group>"; };
		C61E5FA72E398D7B00506179 /* TypingIndicatorView.swift */ = {isa = PBXFileReference; lastKnownFileType = sourcecode.swift; path = TypingIndicatorView.swift; sourceTree = "<group>"; };
		C61E5FAD2E398DC600506179 /* ChatMessage.swift */ = {isa = PBXFileReference; lastKnownFileType = sourcecode.swift; path = ChatMessage.swift; sourceTree = "<group>"; };
		C61E5FAF2E398DEB00506179 /* OCRService.swift */ = {isa = PBXFileReference; lastKnownFileType = sourcecode.swift; path = OCRService.swift; sourceTree = "<group>"; };
		C61E5FB02E398DEB00506179 /* SpeechRecognitionManager.swift */ = {isa = PBXFileReference; lastKnownFileType = sourcecode.swift; path = SpeechRecognitionManager.swift; sourceTree = "<group>"; };
		C61E5FB72E3A139B00506179 /* AttachmentComponents.swift */ = {isa = PBXFileReference; lastKnownFileType = sourcecode.swift; path = AttachmentComponents.swift; sourceTree = "<group>"; };
		C61E5FB82E3A139B00506179 /* SharedImagePicker.swift */ = {isa = PBXFileReference; lastKnownFileType = sourcecode.swift; path = SharedImagePicker.swift; sourceTree = "<group>"; };
		C61E5FB92E3A140000506179 /* SemanticSearchService.swift */ = {isa = PBXFileReference; lastKnownFileType = sourcecode.swift; path = SemanticSearchService.swift; sourceTree = "<group>"; };
		C61E5FBE2E3A140100506179 /* SearchViewModel.swift */ = {isa = PBXFileReference; lastKnownFileType = sourcecode.swift; path = SearchViewModel.swift; sourceTree = "<group>"; };
		C61E5FBF2E3AADAC00506179 /* AttachmentService.swift */ = {isa = PBXFileReference; lastKnownFileType = sourcecode.swift; path = AttachmentService.swift; sourceTree = "<group>"; };
		C61E5FC02E3A140200506179 /* SearchComponents.swift */ = {isa = PBXFileReference; lastKnownFileType = sourcecode.swift; path = SearchComponents.swift; sourceTree = "<group>"; };
		C61E5FC02E3AADAC00506179 /* CameraProcessingService.swift */ = {isa = PBXFileReference; lastKnownFileType = sourcecode.swift; path = CameraProcessingService.swift; sourceTree = "<group>"; };
		C61E5FC12E3AADAC00506179 /* LocationService.swift */ = {isa = PBXFileReference; lastKnownFileType = sourcecode.swift; path = LocationService.swift; sourceTree = "<group>"; };
		C61E5FC22E3A140300506179 /* ImageSearchManager.swift */ = {isa = PBXFileReference; lastKnownFileType = sourcecode.swift; path = ImageSearchManager.swift; sourceTree = "<group>"; };
		C61E5FC42E3A140400506179 /* ImageMetadataIndex.swift */ = {isa = PBXFileReference; lastKnownFileType = sourcecode.swift; path = ImageMetadataIndex.swift; sourceTree = "<group>"; };
		C61E5FC52E3AADC300506179 /* CameraImagePicker.swift */ = {isa = PBXFileReference; lastKnownFileType = sourcecode.swift; path = CameraImagePicker.swift; sourceTree = "<group>"; };
		C61E5FC62E3AADC300506179 /* CameraView.swift */ = {isa = PBXFileReference; lastKnownFileType = sourcecode.swift; path = CameraView.swift; sourceTree = "<group>"; };
		C61E5FC72E3AADC300506179 /* NotesListAlerts.swift */ = {isa = PBXFileReference; lastKnownFileType = sourcecode.swift; path = NotesListAlerts.swift; sourceTree = "<group>"; };
		C61E5FC82E3AADC300506179 /* NotesListBreadcrumb.swift */ = {isa = PBXFileReference; lastKnownFileType = sourcecode.swift; path = NotesListBreadcrumb.swift; sourceTree = "<group>"; };
		C61E5FC92E3AADC300506179 /* NotesListToolbar.swift */ = {isa = PBXFileReference; lastKnownFileType = sourcecode.swift; path = NotesListToolbar.swift; sourceTree = "<group>"; };
		C61E5FCA2E3AADC300506179 /* TopControlsBar.swift */ = {isa = PBXFileReference; lastKnownFileType = sourcecode.swift; path = TopControlsBar.swift; sourceTree = "<group>"; };
		C61E5FD12E3AB55A00506179 /* CameraProcessingViewModel.swift */ = {isa = PBXFileReference; lastKnownFileType = sourcecode.swift; path = CameraProcessingViewModel.swift; sourceTree = "<group>"; };
		C657B0192E38431400A40BDC /* FolderView.swift */ = {isa = PBXFileReference; lastKnownFileType = sourcecode.swift; path = FolderView.swift; sourceTree = "<group>"; };
		C657B01B2E39844200A40BDC /* DataManager.swift */ = {isa = PBXFileReference; lastKnownFileType = sourcecode.swift; path = DataManager.swift; sourceTree = "<group>"; };
		C657B01C2E39844200A40BDC /* FolderManager.swift */ = {isa = PBXFileReference; lastKnownFileType = sourcecode.swift; path = FolderManager.swift; sourceTree = "<group>"; };
		C681F3642E37A803000A7FB3 /* AIProcessor.swift */ = {isa = PBXFileReference; lastKnownFileType = sourcecode.swift; path = AIProcessor.swift; sourceTree = "<group>"; };
		C681F3652E37A803000A7FB3 /* AudioManager.swift */ = {isa = PBXFileReference; lastKnownFileType = sourcecode.swift; path = AudioManager.swift; sourceTree = "<group>"; };
		C681F3662E37A803000A7FB3 /* FileImportManager.swift */ = {isa = PBXFileReference; lastKnownFileType = sourcecode.swift; path = FileImportManager.swift; sourceTree = "<group>"; };
		C681F3672E37A803000A7FB3 /* SecurityManager.swift */ = {isa = PBXFileReference; lastKnownFileType = sourcecode.swift; path = SecurityManager.swift; sourceTree = "<group>"; };
		C681F3692E37A803000A7FB3 /* Note.swift */ = {isa = PBXFileReference; lastKnownFileType = sourcecode.swift; path = Note.swift; sourceTree = "<group>"; };
		C681F36B2E37A803000A7FB3 /* Constants.swift */ = {isa = PBXFileReference; lastKnownFileType = sourcecode.swift; path = Constants.swift; sourceTree = "<group>"; };
		C681F36C2E37A803000A7FB3 /* PermissionManager.swift */ = {isa = PBXFileReference; lastKnownFileType = sourcecode.swift; path = PermissionManager.swift; sourceTree = "<group>"; };
		C681F36D2E37A803000A7FB3 /* SystemIntegrations.swift */ = {isa = PBXFileReference; lastKnownFileType = sourcecode.swift; path = SystemIntegrations.swift; sourceTree = "<group>"; };
		C681F36F2E37A803000A7FB3 /* NoteEditorViewModel.swift */ = {isa = PBXFileReference; lastKnownFileType = sourcecode.swift; path = NoteEditorViewModel.swift; sourceTree = "<group>"; };
		C681F3702E37A803000A7FB3 /* NotesListViewModel.swift */ = {isa = PBXFileReference; lastKnownFileType = sourcecode.swift; path = NotesListViewModel.swift; sourceTree = "<group>"; };
		C681F3732E37A803000A7FB3 /* ContentView.swift */ = {isa = PBXFileReference; lastKnownFileType = sourcecode.swift; path = ContentView.swift; sourceTree = "<group>"; };
		C681F3742E37A803000A7FB3 /* NoteEditorView.swift */ = {isa = PBXFileReference; lastKnownFileType = sourcecode.swift; path = NoteEditorView.swift; sourceTree = "<group>"; };
		C681F3752E37A803000A7FB3 /* NotesListView.swift */ = {isa = PBXFileReference; lastKnownFileType = sourcecode.swift; path = NotesListView.swift; sourceTree = "<group>"; };
		C681F3762E37A803000A7FB3 /* PermissionsOnboardingView.swift */ = {isa = PBXFileReference; lastKnownFileType = sourcecode.swift; path = PermissionsOnboardingView.swift; sourceTree = "<group>"; };
		C681F3772E37A803000A7FB3 /* VoiceRecorderView.swift */ = {isa = PBXFileReference; lastKnownFileType = sourcecode.swift; path = VoiceRecorderView.swift; sourceTree = "<group>"; };
		C6A034CA2E5A64A6005E2806 /* AppConfiguration.swift */ = {isa = PBXFileReference; lastKnownFileType = sourcecode.swift; path = AppConfiguration.swift; sourceTree = "<group>"; };
		C6A034CD2E5B2B9D005E2806 /* BusinessCardProcessor.swift */ = {isa = PBXFileReference; lastKnownFileType = sourcecode.swift; path = BusinessCardProcessor.swift; sourceTree = "<group>"; };
		C6A034CE2E5B2B9D005E2806 /* ContactInfoExtractor.swift */ = {isa = PBXFileReference; lastKnownFileType = sourcecode.swift; path = ContactInfoExtractor.swift; sourceTree = "<group>"; };
		C6A034CF2E5B2B9D005E2806 /* DocumentLayoutAnalyzer.swift */ = {isa = PBXFileReference; lastKnownFileType = sourcecode.swift; path = DocumentLayoutAnalyzer.swift; sourceTree = "<group>"; };
		C6A034D02E5B2B9D005E2806 /* StructuredTextExtractor.swift */ = {isa = PBXFileReference; lastKnownFileType = sourcecode.swift; path = StructuredTextExtractor.swift; sourceTree = "<group>"; };
		C6A034D12E5B2B9D005E2806 /* StructuredTextModels.swift */ = {isa = PBXFileReference; lastKnownFileType = sourcecode.swift; path = StructuredTextModels.swift; sourceTree = "<group>"; };
		C6A034DA2E5B3D28005E2806 /* ImagePreprocessor.swift */ = {isa = PBXFileReference; lastKnownFileType = sourcecode.swift; path = ImagePreprocessor.swift; sourceTree = "<group>"; };
		C6A034DC2E5B3D28005E2806 /* TableDetector.swift */ = {isa = PBXFileReference; lastKnownFileType = sourcecode.swift; path = TableDetector.swift; sourceTree = "<group>"; };
		C6A035112E5F7CA7005E2806 /* DocumentClassifier.swift */ = {isa = PBXFileReference; lastKnownFileType = sourcecode.swift; path = DocumentClassifier.swift; sourceTree = "<group>"; };
		C6FB017D2E3CCB1200763881 /* ImageGalleryViewModel.swift */ = {isa = PBXFileReference; lastKnownFileType = sourcecode.swift; path = ImageGalleryViewModel.swift; sourceTree = "<group>"; };
		C6FB01802E3CCB4300763881 /* ImageDetailView.swift */ = {isa = PBXFileReference; lastKnownFileType = sourcecode.swift; path = ImageDetailView.swift; sourceTree = "<group>"; };
		C6FB01812E3CCB4300763881 /* ImageGalleryView.swift */ = {isa = PBXFileReference; lastKnownFileType = sourcecode.swift; path = ImageGalleryView.swift; sourceTree = "<group>"; };
		C6FB01852E3CCCC500763881 /* ImageGalleryModels.swift */ = {isa = PBXFileReference; lastKnownFileType = sourcecode.swift; path = ImageGalleryModels.swift; sourceTree = "<group>"; };
		C6FB01872E3CCCDA00763881 /* ImageMetadataSearchService.swift */ = {isa = PBXFileReference; lastKnownFileType = sourcecode.swift; path = ImageMetadataSearchService.swift; sourceTree = "<group>"; };
/* End PBXFileReference section */

/* Begin PBXFrameworksBuildPhase section */
		A1234567890123456789014 /* Frameworks */ = {
			isa = PBXFrameworksBuildPhase;
			buildActionMask = 2147483647;
			files = (
			);
			runOnlyForDeploymentPostprocessing = 0;
		};
/* End PBXFrameworksBuildPhase section */

/* Begin PBXGroup section */
		A1234567890123456789015 = {
			isa = PBXGroup;
			children = (
				A1234567890123456789016 /* AINoteTakingApp */,
				A1234567890123456789017 /* Products */,
			);
			sourceTree = "<group>";
		};
		A1234567890123456789016 /* AINoteTakingApp */ = {
			isa = PBXGroup;
			children = (
				C61E5FA22E398D4300506179 /* Services */,
				A1234567890123456789002 /* AINoteTakingAppApp.swift */,
				C681F3782E37A803000A7FB3 /* Views */,
				C681F3712E37A803000A7FB3 /* ViewModels */,
				C681F36A2E37A803000A7FB3 /* Models */,
				C681F3682E37A803000A7FB3 /* Managers */,
				C681F36E2E37A803000A7FB3 /* Utils */,
				A1234567890123456789006 /* Assets.xcassets */,
				A1234567890123456789013 /* Info.plist */,
				A1234567890123456789010 /* DataModel.xcdatamodeld */,
				A1234567890123456789023 /* Preview Content */,
			);
			path = AINoteTakingApp;
			sourceTree = "<group>";
		};
		A1234567890123456789017 /* Products */ = {
			isa = PBXGroup;
			children = (
				A1234567890123456789012 /* AINoteTakingApp.app */,
			);
			name = Products;
			sourceTree = "<group>";
		};
		A1234567890123456789023 /* Preview Content */ = {
			isa = PBXGroup;
			children = (
				A1234567890123456789008 /* Preview Assets.xcassets */,
			);
			path = "Preview Content";
			sourceTree = "<group>";
		};
		C60356FB2E58A06A002B1380 /* Network */ = {
			isa = PBXGroup;
			children = (
				C60357042E58B5CB002B1380 /* AttachmentsService.swift */,
				C60356F52E58A06A002B1380 /* AuthService.swift */,
				C60356F62E58A06A002B1380 /* CategoriesService.swift */,
				C60356F72E58A06A002B1380 /* FoldersService.swift */,
				C60356F82E58A06A002B1380 /* NetworkClient.swift */,
				C60356F92E58A06A002B1380 /* NetworkError.swift */,
				C60356FA2E58A06A002B1380 /* NotesService.swift */,
			);
			path = Network;
			sourceTree = "<group>";
		};
		C61E5FA22E398D4300506179 /* Services */ = {
			isa = PBXGroup;
			children = (
				C6A034D22E5B2B9D005E2806 /* OCR */,
				C60356FB2E58A06A002B1380 /* Network */,
				C60356EF2E588CBA002B1380 /* NetworkService.swift */,
				C6FB01882E3CCCDA00763881 /* ImageSearch */,
				C61E5FBF2E3AADAC00506179 /* AttachmentService.swift */,
				C61E5FC02E3AADAC00506179 /* CameraProcessingService.swift */,
				C61E5FC12E3AADAC00506179 /* LocationService.swift */,
				C61E5FAF2E398DEB00506179 /* OCRService.swift */,
				C61E5FB02E398DEB00506179 /* SpeechRecognitionManager.swift */,
				C61E5FA12E398D4300506179 /* AIAssistantService.swift */,
				C61E5FB92E3A140000506179 /* SemanticSearchService.swift */,
				C61E5FC22E3A140300506179 /* ImageSearchManager.swift */,
				C61E5FC42E3A140400506179 /* ImageMetadataIndex.swift */,
			);
			path = Services;
			sourceTree = "<group>";
		};
		C61E5FA82E398D7B00506179 /* Chat */ = {
			isa = PBXGroup;
			children = (
				C61E5FA42E398D7B00506179 /* AIAssistantView.swift */,
				C61E5FA52E398D7B00506179 /* ChatInputView.swift */,
				C61E5FA62E398D7B00506179 /* ChatMessageView.swift */,
				C61E5FA72E398D7B00506179 /* TypingIndicatorView.swift */,
			);
			path = Chat;
			sourceTree = "<group>";
		};
		C61E5FB92E3A139B00506179 /* Components */ = {
			isa = PBXGroup;
			children = (
				C61E5FC52E3AADC300506179 /* CameraImagePicker.swift */,
				C61E5FC62E3AADC300506179 /* CameraView.swift */,
				C61E5FC72E3AADC300506179 /* NotesListAlerts.swift */,
				C61E5FC82E3AADC300506179 /* NotesListBreadcrumb.swift */,
				C61E5FC92E3AADC300506179 /* NotesListToolbar.swift */,
				C61E5FCA2E3AADC300506179 /* TopControlsBar.swift */,
				C61E5FB72E3A139B00506179 /* AttachmentComponents.swift */,
				C61E5FB82E3A139B00506179 /* SharedImagePicker.swift */,
				C61E5FC02E3A140200506179 /* SearchComponents.swift */,
			);
			path = Components;
			sourceTree = "<group>";
		};
		C681F3682E37A803000A7FB3 /* Managers */ = {
			isa = PBXGroup;
			children = (
				C657B01B2E39844200A40BDC /* DataManager.swift */,
				C657B01C2E39844200A40BDC /* FolderManager.swift */,
				C681F3642E37A803000A7FB3 /* AIProcessor.swift */,
				C681F3652E37A803000A7FB3 /* AudioManager.swift */,
				C681F3662E37A803000A7FB3 /* FileImportManager.swift */,
				C681F3672E37A803000A7FB3 /* SecurityManager.swift */,
			);
			path = Managers;
			sourceTree = "<group>";
		};
		C681F36A2E37A803000A7FB3 /* Models */ = {
			isa = PBXGroup;
			children = (
				C60356ED2E588C95002B1380 /* APIModels.swift */,
				C6FB01852E3CCCC500763881 /* ImageGalleryModels.swift */,
				C61E5FAD2E398DC600506179 /* ChatMessage.swift */,
				C681F3692E37A803000A7FB3 /* Note.swift */,
			);
			path = Models;
			sourceTree = "<group>";
		};
		C681F36E2E37A803000A7FB3 /* Utils */ = {
			isa = PBXGroup;
			children = (
				C6A034CA2E5A64A6005E2806 /* AppConfiguration.swift */,
				C60357062E58BD81002B1380 /* FilePathResolver.swift */,
				C681F36B2E37A803000A7FB3 /* Constants.swift */,
				C681F36C2E37A803000A7FB3 /* PermissionManager.swift */,
				C681F36D2E37A803000A7FB3 /* SystemIntegrations.swift */,
			);
			path = Utils;
			sourceTree = "<group>";
		};
		C681F3712E37A803000A7FB3 /* ViewModels */ = {
			isa = PBXGroup;
			children = (
				C6FB017E2E3CCB1200763881 /* ImageGallery */,
				C61E5FD12E3AB55A00506179 /* CameraProcessingViewModel.swift */,
				C681F36F2E37A803000A7FB3 /* NoteEditorViewModel.swift */,
				C681F3702E37A803000A7FB3 /* NotesListViewModel.swift */,
				C61E5FBE2E3A140100506179 /* SearchViewModel.swift */,
			);
			path = ViewModels;
			sourceTree = "<group>";
		};
		C681F3782E37A803000A7FB3 /* Views */ = {
			isa = PBXGroup;
			children = (
				C61161D52E6045E100191EFE /* AIProcessingView.swift */,
				C60356F32E58922E002B1380 /* BackendAuthView.swift */,
				C6FB01822E3CCB4300763881 /* ImageGallery */,
				C61E5FB92E3A139B00506179 /* Components */,
				C61E5FA82E398D7B00506179 /* Chat */,
				C657B0192E38431400A40BDC /* FolderView.swift */,
				C681F3732E37A803000A7FB3 /* ContentView.swift */,
				C681F3742E37A803000A7FB3 /* NoteEditorView.swift */,
				C681F3752E37A803000A7FB3 /* NotesListView.swift */,
				C681F3762E37A803000A7FB3 /* PermissionsOnboardingView.swift */,
				1A3F77C13E4D4B8BB3C45B91 /* SearchView.swift */,
				091A27012A9941A38EB6AA24 /* SettingsView.swift */,
				C681F3772E37A803000A7FB3 /* VoiceRecorderView.swift */,
			);
			path = Views;
			sourceTree = "<group>";
		};
		C6A034D22E5B2B9D005E2806 /* OCR */ = {
			isa = PBXGroup;
			children = (
				C6A035112E5F7CA7005E2806 /* DocumentClassifier.swift */,
				C6A034DA2E5B3D28005E2806 /* ImagePreprocessor.swift */,
				C6A034DC2E5B3D28005E2806 /* TableDetector.swift */,
				C6A034CD2E5B2B9D005E2806 /* BusinessCardProcessor.swift */,
				C6A034CE2E5B2B9D005E2806 /* ContactInfoExtractor.swift */,
				C6A034CF2E5B2B9D005E2806 /* DocumentLayoutAnalyzer.swift */,
				C6A034D02E5B2B9D005E2806 /* StructuredTextExtractor.swift */,
				C6A034D12E5B2B9D005E2806 /* StructuredTextModels.swift */,
			);
			path = OCR;
			sourceTree = "<group>";
		};
		C6FB017E2E3CCB1200763881 /* ImageGallery */ = {
			isa = PBXGroup;
			children = (
				C6FB017D2E3CCB1200763881 /* ImageGalleryViewModel.swift */,
			);
			path = ImageGallery;
			sourceTree = "<group>";
		};
		C6FB01822E3CCB4300763881 /* ImageGallery */ = {
			isa = PBXGroup;
			children = (
				C6FB01802E3CCB4300763881 /* ImageDetailView.swift */,
				C6FB01812E3CCB4300763881 /* ImageGalleryView.swift */,
			);
			path = ImageGallery;
			sourceTree = "<group>";
		};
		C6FB01882E3CCCDA00763881 /* ImageSearch */ = {
			isa = PBXGroup;
			children = (
				C6FB01872E3CCCDA00763881 /* ImageMetadataSearchService.swift */,
			);
			path = ImageSearch;
			sourceTree = "<group>";
		};
/* End PBXGroup section */

/* Begin PBXNativeTarget section */
		A1234567890123456789024 /* AINoteTakingApp */ = {
			isa = PBXNativeTarget;
			buildConfigurationList = A1234567890123456789025 /* Build configuration list for PBXNativeTarget "AINoteTakingApp" */;
			buildPhases = (
				A1234567890123456789026 /* Sources */,
				A1234567890123456789014 /* Frameworks */,
				A1234567890123456789027 /* Resources */,
			);
			buildRules = (
			);
			dependencies = (
			);
			name = AINoteTakingApp;
			productName = AINoteTakingApp;
			productReference = A1234567890123456789012 /* AINoteTakingApp.app */;
			productType = "com.apple.product-type.application";
		};
/* End PBXNativeTarget section */

/* Begin PBXProject section */
		A1234567890123456789028 /* Project object */ = {
			isa = PBXProject;
			attributes = {
				BuildIndependentTargetsInParallel = 1;
				LastSwiftUpdateCheck = 1500;
				LastUpgradeCheck = 1630;
				TargetAttributes = {
					A1234567890123456789024 = {
						CreatedOnToolsVersion = 15.0;
					};
				};
			};
			buildConfigurationList = A1234567890123456789029 /* Build configuration list for PBXProject "AINoteTakingApp" */;
			compatibilityVersion = "Xcode 14.0";
			developmentRegion = en;
			hasScannedForEncodings = 0;
			knownRegions = (
				en,
				Base,
			);
			mainGroup = A1234567890123456789015;
			productRefGroup = A1234567890123456789017 /* Products */;
			projectDirPath = "";
			projectRoot = "";
			targets = (
				A1234567890123456789024 /* AINoteTakingApp */,
			);
		};
/* End PBXProject section */

/* Begin PBXResourcesBuildPhase section */
		A1234567890123456789027 /* Resources */ = {
			isa = PBXResourcesBuildPhase;
			buildActionMask = 2147483647;
			files = (
				A1234567890123456789007 /* Preview Assets.xcassets in Resources */,
				A1234567890123456789005 /* Assets.xcassets in Resources */,
			);
			runOnlyForDeploymentPostprocessing = 0;
		};
/* End PBXResourcesBuildPhase section */

/* Begin PBXSourcesBuildPhase section */
		A1234567890123456789026 /* Sources */ = {
			isa = PBXSourcesBuildPhase;
			buildActionMask = 2147483647;
			files = (
				C61E5FD22E3AB55A00506179 /* CameraProcessingViewModel.swift in Sources */,
				C657B01D2E39844200A40BDC /* FolderManager.swift in Sources */,
				C657B01E2E39844200A40BDC /* DataManager.swift in Sources */,
				A1234567890123456789001 /* AINoteTakingAppApp.swift in Sources */,
				C6A035132E5F7CA7005E2806 /* DocumentClassifier.swift in Sources */,
				C61E5FC22E3AADAC00506179 /* AttachmentService.swift in Sources */,
				C61E5FC32E3AADAC00506179 /* CameraProcessingService.swift in Sources */,
				C61E5FC42E3AADAC00506179 /* LocationService.swift in Sources */,
				A1234567890123456789009 /* DataModel.xcdatamodeld in Sources */,
				C681F3822E37A803000A7FB3 /* Note.swift in Sources */,
				C681F37D2E37A803000A7FB3 /* AudioManager.swift in Sources */,
				C60356EE2E588C95002B1380 /* APIModels.swift in Sources */,
				C681F3862E37A803000A7FB3 /* AIProcessor.swift in Sources */,
				C61E5FBA2E3A139B00506179 /* AttachmentComponents.swift in Sources */,
				C61161D62E6045E100191EFE /* AIProcessingView.swift in Sources */,
				C61E5FBB2E3A139B00506179 /* SharedImagePicker.swift in Sources */,
				C681F3842E37A803000A7FB3 /* FileImportManager.swift in Sources */,
				C61E5FCB2E3AADC300506179 /* NotesListAlerts.swift in Sources */,
				C61E5FCC2E3AADC300506179 /* TopControlsBar.swift in Sources */,
				C6FB01892E3CCCDA00763881 /* ImageMetadataSearchService.swift in Sources */,
				C61E5FCD2E3AADC300506179 /* CameraImagePicker.swift in Sources */,
				C61E5FCE2E3AADC300506179 /* CameraView.swift in Sources */,
				C61E5FCF2E3AADC300506179 /* NotesListBreadcrumb.swift in Sources */,
				C61E5FD02E3AADC300506179 /* NotesListToolbar.swift in Sources */,
				C681F3882E37A803000A7FB3 /* SecurityManager.swift in Sources */,
				C681F3812E37A803000A7FB3 /* ContentView.swift in Sources */,
				C657B01A2E38431400A40BDC /* FolderView.swift in Sources */,
				C61E5FA92E398D7B00506179 /* AIAssistantView.swift in Sources */,
				C61E5FAA2E398D7B00506179 /* TypingIndicatorView.swift in Sources */,
				C61E5FAB2E398D7B00506179 /* ChatInputView.swift in Sources */,
				C61E5FAC2E398D7B00506179 /* ChatMessageView.swift in Sources */,
				C681F38A2E37A803000A7FB3 /* NotesListView.swift in Sources */,
				C6FB01862E3CCCC500763881 /* ImageGalleryModels.swift in Sources */,
				C681F3852E37A803000A7FB3 /* NoteEditorView.swift in Sources */,
				C61E5FB12E398DEB00506179 /* OCRService.swift in Sources */,
				C61E5FB22E398DEB00506179 /* SpeechRecognitionManager.swift in Sources */,
				C60357052E58B5CB002B1380 /* AttachmentsService.swift in Sources */,
				C681F37A2E37A803000A7FB3 /* VoiceRecorderView.swift in Sources */,
				DD7D66BBD1404FDAA6ED4B30 /* SearchView.swift in Sources */,
				C60356F42E58922E002B1380 /* BackendAuthView.swift in Sources */,
				C61E5FBC2E3A140000506179 /* SemanticSearchService.swift in Sources */,
				C61E5FBD2E3A140100506179 /* SearchViewModel.swift in Sources */,
				C61E5FBF2E3A140200506179 /* SearchComponents.swift in Sources */,
				C6A034D32E5B2B9D005E2806 /* BusinessCardProcessor.swift in Sources */,
				C6A034D42E5B2B9D005E2806 /* StructuredTextModels.swift in Sources */,
				C6A034D52E5B2B9D005E2806 /* StructuredTextExtractor.swift in Sources */,
				C6A034D62E5B2B9D005E2806 /* DocumentLayoutAnalyzer.swift in Sources */,
				C6A034D82E5B2B9D005E2806 /* ContactInfoExtractor.swift in Sources */,
				C60357082E58BD81002B1380 /* FilePathResolver.swift in Sources */,
				C6A034CB2E5A64A6005E2806 /* AppConfiguration.swift in Sources */,
				C61E5FC12E3A140300506179 /* ImageSearchManager.swift in Sources */,
				C60356F02E588CBA002B1380 /* NetworkService.swift in Sources */,
				C61E5FC32E3A140400506179 /* ImageMetadataIndex.swift in Sources */,
				C61E5FAE2E398DC600506179 /* ChatMessage.swift in Sources */,
				C61E5FA32E398D4300506179 /* AIAssistantService.swift in Sources */,
				EA3892081C1847A68BDCAFDF /* SettingsView.swift in Sources */,
				C681F37E2E37A803000A7FB3 /* NotesListViewModel.swift in Sources */,
				C681F3832E37A803000A7FB3 /* NoteEditorViewModel.swift in Sources */,
				C6A034DE2E5B3D28005E2806 /* TableDetector.swift in Sources */,
				C6A034E02E5B3D28005E2806 /* ImagePreprocessor.swift in Sources */,
				C6FB01832E3CCB4300763881 /* ImageGalleryView.swift in Sources */,
				C6FB01842E3CCB4300763881 /* ImageDetailView.swift in Sources */,
				C681F3872E37A803000A7FB3 /* PermissionManager.swift in Sources */,
				C681F37F2E37A803000A7FB3 /* PermissionsOnboardingView.swift in Sources */,
				C681F37B2E37A803000A7FB3 /* Constants.swift in Sources */,
				C681F3892E37A803000A7FB3 /* SystemIntegrations.swift in Sources */,
				C60356FC2E58A06A002B1380 /* NetworkClient.swift in Sources */,
				C60356FD2E58A06A002B1380 /* NetworkError.swift in Sources */,
				C60356FE2E58A06A002B1380 /* CategoriesService.swift in Sources */,
				C60356FF2E58A06A002B1380 /* FoldersService.swift in Sources */,
				C60357002E58A06A002B1380 /* AuthService.swift in Sources */,
				C60357012E58A06A002B1380 /* NotesService.swift in Sources */,
				C6FB017F2E3CCB1200763881 /* ImageGalleryViewModel.swift in Sources */,
			);
			runOnlyForDeploymentPostprocessing = 0;
		};
/* End PBXSourcesBuildPhase section */

/* Begin XCBuildConfiguration section */
		A1234567890123456789030 /* Debug */ = {
			isa = XCBuildConfiguration;
			buildSettings = {
				ALWAYS_SEARCH_USER_PATHS = NO;
				ASSETCATALOG_COMPILER_GENERATE_SWIFT_ASSET_SYMBOL_EXTENSIONS = YES;
				CLANG_ANALYZER_NONNULL = YES;
				CLANG_ANALYZER_NUMBER_OBJECT_CONVERSION = YES_AGGRESSIVE;
				CLANG_CXX_LANGUAGE_STANDARD = "gnu++20";
				CLANG_ENABLE_MODULES = YES;
				CLANG_ENABLE_OBJC_ARC = YES;
				CLANG_ENABLE_OBJC_WEAK = YES;
				CLANG_WARN_BLOCK_CAPTURE_AUTORELEASING = YES;
				CLANG_WARN_BOOL_CONVERSION = YES;
				CLANG_WARN_COMMA = YES;
				CLANG_WARN_CONSTANT_CONVERSION = YES;
				CLANG_WARN_DEPRECATED_OBJC_IMPLEMENTATIONS = YES;
				CLANG_WARN_DIRECT_OBJC_ISA_USAGE = YES_ERROR;
				CLANG_WARN_DOCUMENTATION_COMMENTS = YES;
				CLANG_WARN_EMPTY_BODY = YES;
				CLANG_WARN_ENUM_CONVERSION = YES;
				CLANG_WARN_INFINITE_RECURSION = YES;
				CLANG_WARN_INT_CONVERSION = YES;
				CLANG_WARN_NON_LITERAL_NULL_CONVERSION = YES;
				CLANG_WARN_OBJC_IMPLICIT_RETAIN_SELF = YES;
				CLANG_WARN_OBJC_LITERAL_CONVERSION = YES;
				CLANG_WARN_OBJC_ROOT_CLASS = YES_ERROR;
				CLANG_WARN_QUOTED_INCLUDE_IN_FRAMEWORK_HEADER = YES;
				CLANG_WARN_RANGE_LOOP_ANALYSIS = YES;
				CLANG_WARN_STRICT_PROTOTYPES = YES;
				CLANG_WARN_SUSPICIOUS_MOVE = YES;
				CLANG_WARN_UNGUARDED_AVAILABILITY = YES_AGGRESSIVE;
				CLANG_WARN_UNREACHABLE_CODE = YES;
				CLANG_WARN__DUPLICATE_METHOD_MATCH = YES;
				COPY_PHASE_STRIP = NO;
				DEBUG_INFORMATION_FORMAT = dwarf;
				DEVELOPMENT_TEAM = 46TQGQG9PH;
				ENABLE_STRICT_OBJC_MSGSEND = YES;
				ENABLE_TESTABILITY = YES;
				ENABLE_USER_SCRIPT_SANDBOXING = YES;
				GCC_C_LANGUAGE_STANDARD = gnu17;
				GCC_DYNAMIC_NO_PIC = NO;
				GCC_NO_COMMON_BLOCKS = YES;
				GCC_OPTIMIZATION_LEVEL = 0;
				GCC_PREPROCESSOR_DEFINITIONS = (
					"DEBUG=1",
					"$(inherited)",
				);
				GCC_WARN_64_TO_32_BIT_CONVERSION = YES;
				GCC_WARN_ABOUT_RETURN_TYPE = YES_ERROR;
				GCC_WARN_UNDECLARED_SELECTOR = YES;
				GCC_WARN_UNINITIALIZED_AUTOS = YES_AGGRESSIVE;
				GCC_WARN_UNUSED_FUNCTION = YES;
				GCC_WARN_UNUSED_VARIABLE = YES;
				IPHONEOS_DEPLOYMENT_TARGET = 16.0;
				LOCALIZATION_PREFERS_STRING_CATALOGS = YES;
				MTL_ENABLE_DEBUG_INFO = INCLUDE_SOURCE;
				MTL_FAST_MATH = YES;
				ONLY_ACTIVE_ARCH = YES;
				SDKROOT = iphoneos;
				SWIFT_ACTIVE_COMPILATION_CONDITIONS = "DEBUG $(inherited)";
				SWIFT_OPTIMIZATION_LEVEL = "-Onone";
			};
			name = Debug;
		};
		A1234567890123456789031 /* Debug */ = {
			isa = XCBuildConfiguration;
			buildSettings = {
				ASSETCATALOG_COMPILER_APPICON_NAME = AppIcon;
				ASSETCATALOG_COMPILER_GLOBAL_ACCENT_COLOR_NAME = AccentColor;
				CODE_SIGN_STYLE = Automatic;
				CURRENT_PROJECT_VERSION = 1;
				DEVELOPMENT_ASSET_PATHS = "\"AINoteTakingApp/Preview Content\"";
				ENABLE_PREVIEWS = YES;
				GENERATE_INFOPLIST_FILE = YES;
				INFOPLIST_FILE = AINoteTakingApp/Info.plist;
				INFOPLIST_KEY_NSCameraUsageDescription = "This app needs camera access to capture images for notes.";
				INFOPLIST_KEY_NSMicrophoneUsageDescription = "This app needs microphone access to record voice notes.";
				INFOPLIST_KEY_NSSpeechRecognitionUsageDescription = "This app uses speech recognition to transcribe voice notes.";
				INFOPLIST_KEY_UIApplicationSceneManifest_Generation = YES;
				INFOPLIST_KEY_UIApplicationSupportsIndirectInputEvents = YES;
				INFOPLIST_KEY_UILaunchScreen_Generation = YES;
				INFOPLIST_KEY_UISupportedInterfaceOrientations_iPad = "UIInterfaceOrientationPortrait UIInterfaceOrientationPortraitUpsideDown UIInterfaceOrientationLandscapeLeft UIInterfaceOrientationLandscapeRight";
				INFOPLIST_KEY_UISupportedInterfaceOrientations_iPhone = "UIInterfaceOrientationPortrait UIInterfaceOrientationLandscapeLeft UIInterfaceOrientationLandscapeRight";
				LD_RUNPATH_SEARCH_PATHS = (
					"$(inherited)",
					"@executable_path/Frameworks",
				);
				MARKETING_VERSION = 1.0;
				PRODUCT_BUNDLE_IDENTIFIER = com.ainotetaking.app;
				PRODUCT_NAME = "$(TARGET_NAME)";
				SWIFT_EMIT_LOC_STRINGS = YES;
				SWIFT_VERSION = 5.0;
				TARGETED_DEVICE_FAMILY = "1,2";
			};
			name = Debug;
		};
		A1234567890123456789032 /* Release */ = {
			isa = XCBuildConfiguration;
			buildSettings = {
				ALWAYS_SEARCH_USER_PATHS = NO;
				ASSETCATALOG_COMPILER_GENERATE_SWIFT_ASSET_SYMBOL_EXTENSIONS = YES;
				CLANG_ANALYZER_NONNULL = YES;
				CLANG_ANALYZER_NUMBER_OBJECT_CONVERSION = YES_AGGRESSIVE;
				CLANG_CXX_LANGUAGE_STANDARD = "gnu++20";
				CLANG_ENABLE_MODULES = YES;
				CLANG_ENABLE_OBJC_ARC = YES;
				CLANG_ENABLE_OBJC_WEAK = YES;
				CLANG_WARN_BLOCK_CAPTURE_AUTORELEASING = YES;
				CLANG_WARN_BOOL_CONVERSION = YES;
				CLANG_WARN_COMMA = YES;
				CLANG_WARN_CONSTANT_CONVERSION = YES;
				CLANG_WARN_DEPRECATED_OBJC_IMPLEMENTATIONS = YES;
				CLANG_WARN_DIRECT_OBJC_ISA_USAGE = YES_ERROR;
				CLANG_WARN_DOCUMENTATION_COMMENTS = YES;
				CLANG_WARN_EMPTY_BODY = YES;
				CLANG_WARN_ENUM_CONVERSION = YES;
				CLANG_WARN_INFINITE_RECURSION = YES;
				CLANG_WARN_INT_CONVERSION = YES;
				CLANG_WARN_NON_LITERAL_NULL_CONVERSION = YES;
				CLANG_WARN_OBJC_IMPLICIT_RETAIN_SELF = YES;
				CLANG_WARN_OBJC_LITERAL_CONVERSION = YES;
				CLANG_WARN_OBJC_ROOT_CLASS = YES_ERROR;
				CLANG_WARN_QUOTED_INCLUDE_IN_FRAMEWORK_HEADER = YES;
				CLANG_WARN_RANGE_LOOP_ANALYSIS = YES;
				CLANG_WARN_STRICT_PROTOTYPES = YES;
				CLANG_WARN_SUSPICIOUS_MOVE = YES;
				CLANG_WARN_UNGUARDED_AVAILABILITY = YES_AGGRESSIVE;
				CLANG_WARN_UNREACHABLE_CODE = YES;
				CLANG_WARN__DUPLICATE_METHOD_MATCH = YES;
				COPY_PHASE_STRIP = NO;
				DEBUG_INFORMATION_FORMAT = "dwarf-with-dsym";
				DEVELOPMENT_TEAM = 46TQGQG9PH;
				ENABLE_NS_ASSERTIONS = NO;
				ENABLE_STRICT_OBJC_MSGSEND = YES;
				ENABLE_USER_SCRIPT_SANDBOXING = YES;
				GCC_C_LANGUAGE_STANDARD = gnu17;
				GCC_NO_COMMON_BLOCKS = YES;
				GCC_WARN_64_TO_32_BIT_CONVERSION = YES;
				GCC_WARN_ABOUT_RETURN_TYPE = YES_ERROR;
				GCC_WARN_UNDECLARED_SELECTOR = YES;
				GCC_WARN_UNINITIALIZED_AUTOS = YES_AGGRESSIVE;
				GCC_WARN_UNUSED_FUNCTION = YES;
				GCC_WARN_UNUSED_VARIABLE = YES;
				IPHONEOS_DEPLOYMENT_TARGET = 16.0;
				LOCALIZATION_PREFERS_STRING_CATALOGS = YES;
				MTL_ENABLE_DEBUG_INFO = NO;
				MTL_FAST_MATH = YES;
				SDKROOT = iphoneos;
				SWIFT_COMPILATION_MODE = wholemodule;
				VALIDATE_PRODUCT = YES;
			};
			name = Release;
		};
		A1234567890123456789033 /* Release */ = {
			isa = XCBuildConfiguration;
			buildSettings = {
				ASSETCATALOG_COMPILER_APPICON_NAME = AppIcon;
				ASSETCATALOG_COMPILER_GLOBAL_ACCENT_COLOR_NAME = AccentColor;
				CODE_SIGN_STYLE = Automatic;
				CURRENT_PROJECT_VERSION = 1;
				DEVELOPMENT_ASSET_PATHS = "\"AINoteTakingApp/Preview Content\"";
				ENABLE_PREVIEWS = YES;
				GENERATE_INFOPLIST_FILE = YES;
				INFOPLIST_FILE = AINoteTakingApp/Info.plist;
				INFOPLIST_KEY_NSCameraUsageDescription = "This app needs camera access to capture images for notes.";
				INFOPLIST_KEY_NSMicrophoneUsageDescription = "This app needs microphone access to record voice notes.";
				INFOPLIST_KEY_NSSpeechRecognitionUsageDescription = "This app uses speech recognition to transcribe voice notes.";
				INFOPLIST_KEY_UIApplicationSceneManifest_Generation = YES;
				INFOPLIST_KEY_UIApplicationSupportsIndirectInputEvents = YES;
				INFOPLIST_KEY_UILaunchScreen_Generation = YES;
				INFOPLIST_KEY_UISupportedInterfaceOrientations_iPad = "UIInterfaceOrientationPortrait UIInterfaceOrientationPortraitUpsideDown UIInterfaceOrientationLandscapeLeft UIInterfaceOrientationLandscapeRight";
				INFOPLIST_KEY_UISupportedInterfaceOrientations_iPhone = "UIInterfaceOrientationPortrait UIInterfaceOrientationLandscapeLeft UIInterfaceOrientationLandscapeRight";
				LD_RUNPATH_SEARCH_PATHS = (
					"$(inherited)",
					"@executable_path/Frameworks",
				);
				MARKETING_VERSION = 1.0;
				PRODUCT_BUNDLE_IDENTIFIER = com.ainotetaking.app;
				PRODUCT_NAME = "$(TARGET_NAME)";
				SWIFT_EMIT_LOC_STRINGS = YES;
				SWIFT_VERSION = 5.0;
				TARGETED_DEVICE_FAMILY = "1,2";
			};
			name = Release;
		};
/* End XCBuildConfiguration section */

/* Begin XCConfigurationList section */
		A1234567890123456789025 /* Build configuration list for PBXNativeTarget "AINoteTakingApp" */ = {
			isa = XCConfigurationList;
			buildConfigurations = (
				A1234567890123456789031 /* Debug */,
				A1234567890123456789033 /* Release */,
			);
			defaultConfigurationIsVisible = 0;
			defaultConfigurationName = Release;
		};
		A1234567890123456789029 /* Build configuration list for PBXProject "AINoteTakingApp" */ = {
			isa = XCConfigurationList;
			buildConfigurations = (
				A1234567890123456789030 /* Debug */,
				A1234567890123456789032 /* Release */,
			);
			defaultConfigurationIsVisible = 0;
			defaultConfigurationName = Release;
		};
/* End XCConfigurationList section */

/* Begin XCVersionGroup section */
		A1234567890123456789010 /* DataModel.xcdatamodeld */ = {
			isa = XCVersionGroup;
			children = (
				A1234567890123456789011 /* DataModel.xcdatamodel */,
			);
			currentVersion = A1234567890123456789011 /* DataModel.xcdatamodel */;
			path = DataModel.xcdatamodeld;
			sourceTree = "<group>";
			versionGroupType = wrapper.xcdatamodel;
		};
/* End XCVersionGroup section */
	};
	rootObject = A1234567890123456789028 /* Project object */;
}
